
Microsoft Visual Studio Solution File, Format Version 12.00
# Visual Studio Version 16
VisualStudioVersion = 16.0.30104.148
MinimumVisualStudioVersion = 10.0.40219.1
Project("{FAE04EC0-301F-11D3-BF4B-00C04F79EFBC}") = "IoTPromet", "IoTPromet.csproj", "{F26D175C-2C97-434F-9D6C-B50295B8ACEA}"
EndProject
Global
	GlobalSection(SolutionConfigurationPlatforms) = preSolution
		Debug|Any CPU = Debug|Any CPU
		Release|Any CPU = Release|Any CPU
	EndGlobalSection
	GlobalSection(ProjectConfigurationPlatforms) = postSolution
		{F26D175C-2C97-434F-9D6C-B50295B8ACEA}.Debug|Any CPU.ActiveCfg = Debug|Any CPU
		{F26D175C-2C97-434F-9D6C-B50295B8ACEA}.Debug|Any CPU.Build.0 = Debug|Any CPU
		{F26D175C-2C97-434F-9D6C-B50295B8ACEA}.Release|Any CPU.ActiveCfg = Release|Any CPU
		{F26D175C-2C97-434F-9D6C-B50295B8ACEA}.Release|Any CPU.Build.0 = Release|Any CPU
	EndGlobalSection
	GlobalSection(SolutionProperties) = preSolution
		HideSolutionNode = FALSE
	EndGlobalSection
	GlobalSection(ExtensibilityGlobals) = postSolution
		SolutionGuid = {BFBB5C48-7CE7-4C20-875D-A2FB9C02F140}
	EndGlobalSection
EndGlobal
